// !$*UTF8*$!
{
	archiveVersion = 1;
	classes = {
	};
	objectVersion = 52;
	objects = {

/* Begin PBXBuildFile section */
		2D231AB926D3EBC500A1CD86 /* SegmentRegisterViewController.swift in Sources */ = {isa = PBXBuildFile; fileRef = 2D231AB826D3EBC500A1CD86 /* SegmentRegisterViewController.swift */; };
		2D231ABB26D3EBD700A1CD86 /* PersonalDataViewController.swift in Sources */ = {isa = PBXBuildFile; fileRef = 2D231ABA26D3EBD700A1CD86 /* PersonalDataViewController.swift */; };
		2D231ABD26D3EBEB00A1CD86 /* RegisterViewController.swift in Sources */ = {isa = PBXBuildFile; fileRef = 2D231ABC26D3EBEB00A1CD86 /* RegisterViewController.swift */; };
		2D231AC026D3EC0800A1CD86 /* LoginViewController.swift in Sources */ = {isa = PBXBuildFile; fileRef = 2D231ABF26D3EC0800A1CD86 /* LoginViewController.swift */; };
		2D231AC226D3EC2300A1CD86 /* ServiceViewController.swift in Sources */ = {isa = PBXBuildFile; fileRef = 2D231AC126D3EC2300A1CD86 /* ServiceViewController.swift */; };
		2D231AC426D3EC3C00A1CD86 /* ServiceSelectionViewController.swift in Sources */ = {isa = PBXBuildFile; fileRef = 2D231AC326D3EC3C00A1CD86 /* ServiceSelectionViewController.swift */; };
		2D231AC626D3EC4500A1CD86 /* ChatViewController.swift in Sources */ = {isa = PBXBuildFile; fileRef = 2D231AC526D3EC4500A1CD86 /* ChatViewController.swift */; };
		2D34423726C1EAD4004AF4CC /* AppDelegate.swift in Sources */ = {isa = PBXBuildFile; fileRef = 2D34423626C1EAD4004AF4CC /* AppDelegate.swift */; };
		2D34423926C1EAD4004AF4CC /* SceneDelegate.swift in Sources */ = {isa = PBXBuildFile; fileRef = 2D34423826C1EAD4004AF4CC /* SceneDelegate.swift */; };
		2D34423B26C1EAD4004AF4CC /* HomeViewController.swift in Sources */ = {isa = PBXBuildFile; fileRef = 2D34423A26C1EAD4004AF4CC /* HomeViewController.swift */; };
		2D34423E26C1EAD4004AF4CC /* Main.storyboard in Resources */ = {isa = PBXBuildFile; fileRef = 2D34423C26C1EAD4004AF4CC /* Main.storyboard */; };
		2D34424326C1EAD6004AF4CC /* LaunchScreen.storyboard in Resources */ = {isa = PBXBuildFile; fileRef = 2D34424126C1EAD6004AF4CC /* LaunchScreen.storyboard */; };
		2D34424B26C1F428004AF4CC /* GoogleService-Info.plist in Resources */ = {isa = PBXBuildFile; fileRef = 2D34424A26C1F428004AF4CC /* GoogleService-Info.plist */; };
		2D3A3C1126F79B0700D82A85 /* UIImage+Extensions.swift in Sources */ = {isa = PBXBuildFile; fileRef = 2D3A3C1026F79B0700D82A85 /* UIImage+Extensions.swift */; };
		2D3A3C1326F79FF700D82A85 /* Assets.xcassets in Resources */ = {isa = PBXBuildFile; fileRef = 2D3A3C1226F79FF700D82A85 /* Assets.xcassets */; };
		2D5D815C2700EE3D000F50AE /* DSButton.swift in Sources */ = {isa = PBXBuildFile; fileRef = 2D5D815B2700EE3D000F50AE /* DSButton.swift */; };
		2D5D81602700EE47000F50AE /* UIColor+Utils.swift in Sources */ = {isa = PBXBuildFile; fileRef = 2D5D815D2700EE47000F50AE /* UIColor+Utils.swift */; };
		2D5D81612700EE47000F50AE /* UIView+Utils.swift in Sources */ = {isa = PBXBuildFile; fileRef = 2D5D815E2700EE47000F50AE /* UIView+Utils.swift */; };
		2D5D81622700EE47000F50AE /* UIImage+Utils.swift in Sources */ = {isa = PBXBuildFile; fileRef = 2D5D815F2700EE47000F50AE /* UIImage+Utils.swift */; };
		2D5D81642700EE4F000F50AE /* StyleGuide.swift in Sources */ = {isa = PBXBuildFile; fileRef = 2D5D81632700EE4F000F50AE /* StyleGuide.swift */; };
		2D75CB2226D9666B0073BAD4 /* Message.swift in Sources */ = {isa = PBXBuildFile; fileRef = 2D75CB2126D9666B0073BAD4 /* Message.swift */; };
		2D75CB2826DABF6A0073BAD4 /* Constants.swift in Sources */ = {isa = PBXBuildFile; fileRef = 2D75CB2726DABF6A0073BAD4 /* Constants.swift */; };
		2D967ACF26F3B57900DABF64 /* IQKeyboardManagerSwift in Frameworks */ = {isa = PBXBuildFile; productRef = 2D967ACE26F3B57900DABF64 /* IQKeyboardManagerSwift */; };
		2D967AD226F4D15E00DABF64 /* MessageCell.swift in Sources */ = {isa = PBXBuildFile; fileRef = 2D967AD026F4D15E00DABF64 /* MessageCell.swift */; };
		2D967AD326F4D15E00DABF64 /* MessageCell.xib in Resources */ = {isa = PBXBuildFile; fileRef = 2D967AD126F4D15E00DABF64 /* MessageCell.xib */; };
		2DADD73427011525001A3E2A /* Logo_animado.gif in Resources */ = {isa = PBXBuildFile; fileRef = 2DADD73327011525001A3E2A /* Logo_animado.gif */; };
		2DADD73727011661001A3E2A /* Logo_animado_XL.gif in Resources */ = {isa = PBXBuildFile; fileRef = 2DADD73527011661001A3E2A /* Logo_animado_XL.gif */; };
		2DADD73827011661001A3E2A /* Logo_animado_large.gif in Resources */ = {isa = PBXBuildFile; fileRef = 2DADD73627011661001A3E2A /* Logo_animado_large.gif */; };
		7B94E8F7FB34B954A9394864 /* Pods_AgroAid.framework in Frameworks */ = {isa = PBXBuildFile; fileRef = ED9A31DB7D2AE0735FF94668 /* Pods_AgroAid.framework */; };
/* End PBXBuildFile section */

/* Begin PBXFileReference section */
		19191D04B634D773FD5DCA93 /* Pods-AgroAid.debug.xcconfig */ = {isa = PBXFileReference; includeInIndex = 1; lastKnownFileType = text.xcconfig; name = "Pods-AgroAid.debug.xcconfig"; path = "Target Support Files/Pods-AgroAid/Pods-AgroAid.debug.xcconfig"; sourceTree = "<group>"; };
		2D231AB826D3EBC500A1CD86 /* SegmentRegisterViewController.swift */ = {isa = PBXFileReference; lastKnownFileType = sourcecode.swift; path = SegmentRegisterViewController.swift; sourceTree = "<group>"; };
		2D231ABA26D3EBD700A1CD86 /* PersonalDataViewController.swift */ = {isa = PBXFileReference; lastKnownFileType = sourcecode.swift; path = PersonalDataViewController.swift; sourceTree = "<group>"; };
		2D231ABC26D3EBEB00A1CD86 /* RegisterViewController.swift */ = {isa = PBXFileReference; lastKnownFileType = sourcecode.swift; path = RegisterViewController.swift; sourceTree = "<group>"; };
		2D231ABF26D3EC0800A1CD86 /* LoginViewController.swift */ = {isa = PBXFileReference; lastKnownFileType = sourcecode.swift; path = LoginViewController.swift; sourceTree = "<group>"; };
		2D231AC126D3EC2300A1CD86 /* ServiceViewController.swift */ = {isa = PBXFileReference; lastKnownFileType = sourcecode.swift; path = ServiceViewController.swift; sourceTree = "<group>"; };
		2D231AC326D3EC3C00A1CD86 /* ServiceSelectionViewController.swift */ = {isa = PBXFileReference; lastKnownFileType = sourcecode.swift; path = ServiceSelectionViewController.swift; sourceTree = "<group>"; };
		2D231AC526D3EC4500A1CD86 /* ChatViewController.swift */ = {isa = PBXFileReference; lastKnownFileType = sourcecode.swift; path = ChatViewController.swift; sourceTree = "<group>"; };
		2D34423326C1EAD4004AF4CC /* AgroAid.app */ = {isa = PBXFileReference; explicitFileType = wrapper.application; includeInIndex = 0; path = AgroAid.app; sourceTree = BUILT_PRODUCTS_DIR; };
		2D34423626C1EAD4004AF4CC /* AppDelegate.swift */ = {isa = PBXFileReference; lastKnownFileType = sourcecode.swift; path = AppDelegate.swift; sourceTree = "<group>"; };
		2D34423826C1EAD4004AF4CC /* SceneDelegate.swift */ = {isa = PBXFileReference; lastKnownFileType = sourcecode.swift; path = SceneDelegate.swift; sourceTree = "<group>"; };
		2D34423A26C1EAD4004AF4CC /* HomeViewController.swift */ = {isa = PBXFileReference; lastKnownFileType = sourcecode.swift; path = HomeViewController.swift; sourceTree = "<group>"; };
		2D34423D26C1EAD4004AF4CC /* Base */ = {isa = PBXFileReference; lastKnownFileType = file.storyboard; name = Base; path = Base.lproj/Main.storyboard; sourceTree = "<group>"; };
		2D34424226C1EAD6004AF4CC /* Base */ = {isa = PBXFileReference; lastKnownFileType = file.storyboard; name = Base; path = Base.lproj/LaunchScreen.storyboard; sourceTree = "<group>"; };
		2D34424426C1EAD6004AF4CC /* Info.plist */ = {isa = PBXFileReference; lastKnownFileType = text.plist.xml; path = Info.plist; sourceTree = "<group>"; };
		2D34424A26C1F428004AF4CC /* GoogleService-Info.plist */ = {isa = PBXFileReference; fileEncoding = 4; lastKnownFileType = text.plist.xml; path = "GoogleService-Info.plist"; sourceTree = "<group>"; };
		2D3A3C1026F79B0700D82A85 /* UIImage+Extensions.swift */ = {isa = PBXFileReference; lastKnownFileType = sourcecode.swift; path = "UIImage+Extensions.swift"; sourceTree = "<group>"; };
		2D3A3C1226F79FF700D82A85 /* Assets.xcassets */ = {isa = PBXFileReference; lastKnownFileType = folder.assetcatalog; path = Assets.xcassets; sourceTree = "<group>"; };
		2D5D815B2700EE3D000F50AE /* DSButton.swift */ = {isa = PBXFileReference; fileEncoding = 4; lastKnownFileType = sourcecode.swift; path = DSButton.swift; sourceTree = "<group>"; };
		2D5D815D2700EE47000F50AE /* UIColor+Utils.swift */ = {isa = PBXFileReference; fileEncoding = 4; lastKnownFileType = sourcecode.swift; path = "UIColor+Utils.swift"; sourceTree = "<group>"; };
		2D5D815E2700EE47000F50AE /* UIView+Utils.swift */ = {isa = PBXFileReference; fileEncoding = 4; lastKnownFileType = sourcecode.swift; path = "UIView+Utils.swift"; sourceTree = "<group>"; };
		2D5D815F2700EE47000F50AE /* UIImage+Utils.swift */ = {isa = PBXFileReference; fileEncoding = 4; lastKnownFileType = sourcecode.swift; path = "UIImage+Utils.swift"; sourceTree = "<group>"; };
		2D5D81632700EE4F000F50AE /* StyleGuide.swift */ = {isa = PBXFileReference; fileEncoding = 4; lastKnownFileType = sourcecode.swift; path = StyleGuide.swift; sourceTree = "<group>"; };
		2D75CB2126D9666B0073BAD4 /* Message.swift */ = {isa = PBXFileReference; lastKnownFileType = sourcecode.swift; path = Message.swift; sourceTree = "<group>"; };
		2D75CB2726DABF6A0073BAD4 /* Constants.swift */ = {isa = PBXFileReference; lastKnownFileType = sourcecode.swift; path = Constants.swift; sourceTree = "<group>"; };
		2D967AD026F4D15E00DABF64 /* MessageCell.swift */ = {isa = PBXFileReference; lastKnownFileType = sourcecode.swift; path = MessageCell.swift; sourceTree = "<group>"; };
		2D967AD126F4D15E00DABF64 /* MessageCell.xib */ = {isa = PBXFileReference; lastKnownFileType = file.xib; path = MessageCell.xib; sourceTree = "<group>"; };
		2DADD73327011525001A3E2A /* Logo_animado.gif */ = {isa = PBXFileReference; lastKnownFileType = image.gif; path = Logo_animado.gif; sourceTree = "<group>"; };
		2DADD73527011661001A3E2A /* Logo_animado_XL.gif */ = {isa = PBXFileReference; lastKnownFileType = image.gif; path = Logo_animado_XL.gif; sourceTree = "<group>"; };
		2DADD73627011661001A3E2A /* Logo_animado_large.gif */ = {isa = PBXFileReference; lastKnownFileType = image.gif; path = Logo_animado_large.gif; sourceTree = "<group>"; };
		B3E351A64CBE39679B2B8478 /* Pods-AgroAid.release.xcconfig */ = {isa = PBXFileReference; includeInIndex = 1; lastKnownFileType = text.xcconfig; name = "Pods-AgroAid.release.xcconfig"; path = "Target Support Files/Pods-AgroAid/Pods-AgroAid.release.xcconfig"; sourceTree = "<group>"; };
		ED9A31DB7D2AE0735FF94668 /* Pods_AgroAid.framework */ = {isa = PBXFileReference; explicitFileType = wrapper.framework; includeInIndex = 0; path = Pods_AgroAid.framework; sourceTree = BUILT_PRODUCTS_DIR; };
/* End PBXFileReference section */

/* Begin PBXFrameworksBuildPhase section */
		2D34423026C1EAD4004AF4CC /* Frameworks */ = {
			isa = PBXFrameworksBuildPhase;
			buildActionMask = 2147483647;
			files = (
				7B94E8F7FB34B954A9394864 /* Pods_AgroAid.framework in Frameworks */,
				2D967ACF26F3B57900DABF64 /* IQKeyboardManagerSwift in Frameworks */,
			);
			runOnlyForDeploymentPostprocessing = 0;
		};
/* End PBXFrameworksBuildPhase section */

/* Begin PBXGroup section */
		2D231ABE26D3EBFB00A1CD86 /* Register */ = {
			isa = PBXGroup;
			children = (
				2D231AB826D3EBC500A1CD86 /* SegmentRegisterViewController.swift */,
				2D231ABA26D3EBD700A1CD86 /* PersonalDataViewController.swift */,
				2D231ABC26D3EBEB00A1CD86 /* RegisterViewController.swift */,
			);
			path = Register;
			sourceTree = "<group>";
		};
		2D231AC726D3ECF200A1CD86 /* Chat */ = {
			isa = PBXGroup;
			children = (
				2D231AC526D3EC4500A1CD86 /* ChatViewController.swift */,
				2D75CB2126D9666B0073BAD4 /* Message.swift */,
				2D967AD026F4D15E00DABF64 /* MessageCell.swift */,
				2D967AD126F4D15E00DABF64 /* MessageCell.xib */,
			);
			path = Chat;
			sourceTree = "<group>";
		};
		2D231AC826D3EF3C00A1CD86 /* Login */ = {
			isa = PBXGroup;
			children = (
				2D231ABF26D3EC0800A1CD86 /* LoginViewController.swift */,
			);
			path = Login;
			sourceTree = "<group>";
		};
		2D231AC926D3EF4300A1CD86 /* Home */ = {
			isa = PBXGroup;
			children = (
				2D34423A26C1EAD4004AF4CC /* HomeViewController.swift */,
			);
			path = Home;
			sourceTree = "<group>";
		};
		2D231ACA26D3EF4C00A1CD86 /* Services */ = {
			isa = PBXGroup;
			children = (
				2D231AC126D3EC2300A1CD86 /* ServiceViewController.swift */,
				2D231AC326D3EC3C00A1CD86 /* ServiceSelectionViewController.swift */,
			);
			path = Services;
			sourceTree = "<group>";
		};
		2D231ACB26D3EFB900A1CD86 /* AppCore */ = {
			isa = PBXGroup;
			children = (
				2D34423626C1EAD4004AF4CC /* AppDelegate.swift */,
				2D34423826C1EAD4004AF4CC /* SceneDelegate.swift */,
				2D231ACC26D3EFD400A1CD86 /* SupportingFiles */,
			);
			path = AppCore;
			sourceTree = "<group>";
		};
		2D231ACC26D3EFD400A1CD86 /* SupportingFiles */ = {
			isa = PBXGroup;
			children = (
				2D3A3C1226F79FF700D82A85 /* Assets.xcassets */,
				2D34424426C1EAD6004AF4CC /* Info.plist */,
				2D34424A26C1F428004AF4CC /* GoogleService-Info.plist */,
				2DADD73327011525001A3E2A /* Logo_animado.gif */,
				2DADD73627011661001A3E2A /* Logo_animado_large.gif */,
				2DADD73527011661001A3E2A /* Logo_animado_XL.gif */,
			);
			path = SupportingFiles;
			sourceTree = "<group>";
		};
		2D231ACD26D3F01D00A1CD86 /* Storyboards */ = {
			isa = PBXGroup;
			children = (
				2D34423C26C1EAD4004AF4CC /* Main.storyboard */,
				2D34424126C1EAD6004AF4CC /* LaunchScreen.storyboard */,
			);
			path = Storyboards;
			sourceTree = "<group>";
		};
		2D34422A26C1EAD4004AF4CC = {
			isa = PBXGroup;
			children = (
				2D34423526C1EAD4004AF4CC /* AgroAid */,
				2D34423426C1EAD4004AF4CC /* Products */,
				C211BBFA74DF3AAED130158C /* Pods */,
				9D6695F8A820C012F66DEF08 /* Frameworks */,
			);
			sourceTree = "<group>";
		};
		2D34423426C1EAD4004AF4CC /* Products */ = {
			isa = PBXGroup;
			children = (
				2D34423326C1EAD4004AF4CC /* AgroAid.app */,
			);
			name = Products;
			sourceTree = "<group>";
		};
		2D34423526C1EAD4004AF4CC /* AgroAid */ = {
			isa = PBXGroup;
			children = (
				2D231ACB26D3EFB900A1CD86 /* AppCore */,
				2D5D81652700F25E000F50AE /* Features */,
				2D5D81582700EDD3000F50AE /* Shared */,
			);
			path = AgroAid;
			sourceTree = "<group>";
		};
		2D5D81582700EDD3000F50AE /* Shared */ = {
			isa = PBXGroup;
			children = (
				2D75CB2726DABF6A0073BAD4 /* Constants.swift */,
				2D3A3C1026F79B0700D82A85 /* UIImage+Extensions.swift */,
				2D5D81632700EE4F000F50AE /* StyleGuide.swift */,
				2D5D81592700EDDB000F50AE /* Button */,
				2D5D815A2700EE16000F50AE /* Utils */,
			);
			path = Shared;
			sourceTree = "<group>";
		};
		2D5D81592700EDDB000F50AE /* Button */ = {
			isa = PBXGroup;
			children = (
				2D5D815B2700EE3D000F50AE /* DSButton.swift */,
			);
			path = Button;
			sourceTree = "<group>";
		};
		2D5D815A2700EE16000F50AE /* Utils */ = {
			isa = PBXGroup;
			children = (
				2D5D815D2700EE47000F50AE /* UIColor+Utils.swift */,
				2D5D815F2700EE47000F50AE /* UIImage+Utils.swift */,
				2D5D815E2700EE47000F50AE /* UIView+Utils.swift */,
			);
			path = Utils;
			sourceTree = "<group>";
		};
		2D5D81652700F25E000F50AE /* Features */ = {
			isa = PBXGroup;
			children = (
				2D231ACD26D3F01D00A1CD86 /* Storyboards */,
				2D231AC926D3EF4300A1CD86 /* Home */,
				2D231AC826D3EF3C00A1CD86 /* Login */,
				2D231ABE26D3EBFB00A1CD86 /* Register */,
				2D231AC726D3ECF200A1CD86 /* Chat */,
				2D231ACA26D3EF4C00A1CD86 /* Services */,
			);
			path = Features;
			sourceTree = "<group>";
		};
		9D6695F8A820C012F66DEF08 /* Frameworks */ = {
			isa = PBXGroup;
			children = (
				ED9A31DB7D2AE0735FF94668 /* Pods_AgroAid.framework */,
			);
			name = Frameworks;
			sourceTree = "<group>";
		};
		C211BBFA74DF3AAED130158C /* Pods */ = {
			isa = PBXGroup;
			children = (
				19191D04B634D773FD5DCA93 /* Pods-AgroAid.debug.xcconfig */,
				B3E351A64CBE39679B2B8478 /* Pods-AgroAid.release.xcconfig */,
			);
			path = Pods;
			sourceTree = "<group>";
		};
/* End PBXGroup section */

/* Begin PBXNativeTarget section */
		2D34423226C1EAD4004AF4CC /* AgroAid */ = {
			isa = PBXNativeTarget;
			buildConfigurationList = 2D34424726C1EAD6004AF4CC /* Build configuration list for PBXNativeTarget "AgroAid" */;
			buildPhases = (
				19EC390CD2C965E683424A55 /* [CP] Check Pods Manifest.lock */,
				2D34422F26C1EAD4004AF4CC /* Sources */,
				2D34423026C1EAD4004AF4CC /* Frameworks */,
				2D34423126C1EAD4004AF4CC /* Resources */,
				1C33A6F808B1DC56FAB737D0 /* [CP] Embed Pods Frameworks */,
			);
			buildRules = (
			);
			dependencies = (
			);
			name = AgroAid;
			packageProductDependencies = (
				2D967ACE26F3B57900DABF64 /* IQKeyboardManagerSwift */,
			);
			productName = AgroAid;
			productReference = 2D34423326C1EAD4004AF4CC /* AgroAid.app */;
			productType = "com.apple.product-type.application";
		};
/* End PBXNativeTarget section */

/* Begin PBXProject section */
		2D34422B26C1EAD4004AF4CC /* Project object */ = {
			isa = PBXProject;
			attributes = {
				LastSwiftUpdateCheck = 1250;
				LastUpgradeCheck = 1250;
				TargetAttributes = {
					2D34423226C1EAD4004AF4CC = {
						CreatedOnToolsVersion = 12.5.1;
					};
				};
			};
			buildConfigurationList = 2D34422E26C1EAD4004AF4CC /* Build configuration list for PBXProject "AgroAid" */;
			compatibilityVersion = "Xcode 9.3";
			developmentRegion = en;
			hasScannedForEncodings = 0;
			knownRegions = (
				en,
				Base,
			);
			mainGroup = 2D34422A26C1EAD4004AF4CC;
			packageReferences = (
				2D967ACD26F3B57900DABF64 /* XCRemoteSwiftPackageReference "IQKeyboardManager" */,
			);
			productRefGroup = 2D34423426C1EAD4004AF4CC /* Products */;
			projectDirPath = "";
			projectRoot = "";
			targets = (
				2D34423226C1EAD4004AF4CC /* AgroAid */,
			);
		};
/* End PBXProject section */

/* Begin PBXResourcesBuildPhase section */
		2D34423126C1EAD4004AF4CC /* Resources */ = {
			isa = PBXResourcesBuildPhase;
			buildActionMask = 2147483647;
			files = (
				2D967AD326F4D15E00DABF64 /* MessageCell.xib in Resources */,
				2DADD73427011525001A3E2A /* Logo_animado.gif in Resources */,
				2D34424326C1EAD6004AF4CC /* LaunchScreen.storyboard in Resources */,
				2D34424B26C1F428004AF4CC /* GoogleService-Info.plist in Resources */,
				2DADD73727011661001A3E2A /* Logo_animado_XL.gif in Resources */,
				2DADD73827011661001A3E2A /* Logo_animado_large.gif in Resources */,
				2D34423E26C1EAD4004AF4CC /* Main.storyboard in Resources */,
				2D3A3C1326F79FF700D82A85 /* Assets.xcassets in Resources */,
			);
			runOnlyForDeploymentPostprocessing = 0;
		};
/* End PBXResourcesBuildPhase section */

/* Begin PBXShellScriptBuildPhase section */
		19EC390CD2C965E683424A55 /* [CP] Check Pods Manifest.lock */ = {
			isa = PBXShellScriptBuildPhase;
			buildActionMask = 2147483647;
			files = (
			);
			inputFileListPaths = (
			);
			inputPaths = (
				"${PODS_PODFILE_DIR_PATH}/Podfile.lock",
				"${PODS_ROOT}/Manifest.lock",
			);
			name = "[CP] Check Pods Manifest.lock";
			outputFileListPaths = (
			);
			outputPaths = (
				"$(DERIVED_FILE_DIR)/Pods-AgroAid-checkManifestLockResult.txt",
			);
			runOnlyForDeploymentPostprocessing = 0;
			shellPath = /bin/sh;
			shellScript = "diff \"${PODS_PODFILE_DIR_PATH}/Podfile.lock\" \"${PODS_ROOT}/Manifest.lock\" > /dev/null\nif [ $? != 0 ] ; then\n    # print error to STDERR\n    echo \"error: The sandbox is not in sync with the Podfile.lock. Run 'pod install' or update your CocoaPods installation.\" >&2\n    exit 1\nfi\n# This output is used by Xcode 'outputs' to avoid re-running this script phase.\necho \"SUCCESS\" > \"${SCRIPT_OUTPUT_FILE_0}\"\n";
			showEnvVarsInLog = 0;
		};
		1C33A6F808B1DC56FAB737D0 /* [CP] Embed Pods Frameworks */ = {
			isa = PBXShellScriptBuildPhase;
			buildActionMask = 2147483647;
			files = (
			);
			inputFileListPaths = (
				"${PODS_ROOT}/Target Support Files/Pods-AgroAid/Pods-AgroAid-frameworks-${CONFIGURATION}-input-files.xcfilelist",
			);
			name = "[CP] Embed Pods Frameworks";
			outputFileListPaths = (
				"${PODS_ROOT}/Target Support Files/Pods-AgroAid/Pods-AgroAid-frameworks-${CONFIGURATION}-output-files.xcfilelist",
			);
			runOnlyForDeploymentPostprocessing = 0;
			shellPath = /bin/sh;
			shellScript = "\"${PODS_ROOT}/Target Support Files/Pods-AgroAid/Pods-AgroAid-frameworks.sh\"\n";
			showEnvVarsInLog = 0;
		};
/* End PBXShellScriptBuildPhase section */

/* Begin PBXSourcesBuildPhase section */
		2D34422F26C1EAD4004AF4CC /* Sources */ = {
			isa = PBXSourcesBuildPhase;
			buildActionMask = 2147483647;
			files = (
				2D231AC026D3EC0800A1CD86 /* LoginViewController.swift in Sources */,
				2D5D815C2700EE3D000F50AE /* DSButton.swift in Sources */,
				2D231ABB26D3EBD700A1CD86 /* PersonalDataViewController.swift in Sources */,
				2D34423B26C1EAD4004AF4CC /* HomeViewController.swift in Sources */,
				2D3A3C1126F79B0700D82A85 /* UIImage+Extensions.swift in Sources */,
				2D231AB926D3EBC500A1CD86 /* SegmentRegisterViewController.swift in Sources */,
				2D967AD226F4D15E00DABF64 /* MessageCell.swift in Sources */,
				2D5D81642700EE4F000F50AE /* StyleGuide.swift in Sources */,
				2D5D81602700EE47000F50AE /* UIColor+Utils.swift in Sources */,
				2D231ABD26D3EBEB00A1CD86 /* RegisterViewController.swift in Sources */,
				2D231AC426D3EC3C00A1CD86 /* ServiceSelectionViewController.swift in Sources */,
				2D75CB2826DABF6A0073BAD4 /* Constants.swift in Sources */,
				2D5D81622700EE47000F50AE /* UIImage+Utils.swift in Sources */,
				2D75CB2226D9666B0073BAD4 /* Message.swift in Sources */,
				2D34423726C1EAD4004AF4CC /* AppDelegate.swift in Sources */,
				2D5D81612700EE47000F50AE /* UIView+Utils.swift in Sources */,
				2D231AC226D3EC2300A1CD86 /* ServiceViewController.swift in Sources */,
				2D231AC626D3EC4500A1CD86 /* ChatViewController.swift in Sources */,
				2D34423926C1EAD4004AF4CC /* SceneDelegate.swift in Sources */,
			);
			runOnlyForDeploymentPostprocessing = 0;
		};
/* End PBXSourcesBuildPhase section */

/* Begin PBXVariantGroup section */
		2D34423C26C1EAD4004AF4CC /* Main.storyboard */ = {
			isa = PBXVariantGroup;
			children = (
				2D34423D26C1EAD4004AF4CC /* Base */,
			);
			name = Main.storyboard;
			sourceTree = "<group>";
		};
		2D34424126C1EAD6004AF4CC /* LaunchScreen.storyboard */ = {
			isa = PBXVariantGroup;
			children = (
				2D34424226C1EAD6004AF4CC /* Base */,
			);
			name = LaunchScreen.storyboard;
			sourceTree = "<group>";
		};
/* End PBXVariantGroup section */

/* Begin XCBuildConfiguration section */
		2D34424526C1EAD6004AF4CC /* Debug */ = {
			isa = XCBuildConfiguration;
			buildSettings = {
				ALWAYS_SEARCH_USER_PATHS = NO;
				CLANG_ANALYZER_NONNULL = YES;
				CLANG_ANALYZER_NUMBER_OBJECT_CONVERSION = YES_AGGRESSIVE;
				CLANG_CXX_LANGUAGE_STANDARD = "gnu++14";
				CLANG_CXX_LIBRARY = "libc++";
				CLANG_ENABLE_MODULES = YES;
				CLANG_ENABLE_OBJC_ARC = YES;
				CLANG_ENABLE_OBJC_WEAK = YES;
				CLANG_WARN_BLOCK_CAPTURE_AUTORELEASING = YES;
				CLANG_WARN_BOOL_CONVERSION = YES;
				CLANG_WARN_COMMA = YES;
				CLANG_WARN_CONSTANT_CONVERSION = YES;
				CLANG_WARN_DEPRECATED_OBJC_IMPLEMENTATIONS = YES;
				CLANG_WARN_DIRECT_OBJC_ISA_USAGE = YES_ERROR;
				CLANG_WARN_DOCUMENTATION_COMMENTS = YES;
				CLANG_WARN_EMPTY_BODY = YES;
				CLANG_WARN_ENUM_CONVERSION = YES;
				CLANG_WARN_INFINITE_RECURSION = YES;
				CLANG_WARN_INT_CONVERSION = YES;
				CLANG_WARN_NON_LITERAL_NULL_CONVERSION = YES;
				CLANG_WARN_OBJC_IMPLICIT_RETAIN_SELF = YES;
				CLANG_WARN_OBJC_LITERAL_CONVERSION = YES;
				CLANG_WARN_OBJC_ROOT_CLASS = YES_ERROR;
				CLANG_WARN_QUOTED_INCLUDE_IN_FRAMEWORK_HEADER = YES;
				CLANG_WARN_RANGE_LOOP_ANALYSIS = YES;
				CLANG_WARN_STRICT_PROTOTYPES = YES;
				CLANG_WARN_SUSPICIOUS_MOVE = YES;
				CLANG_WARN_UNGUARDED_AVAILABILITY = YES_AGGRESSIVE;
				CLANG_WARN_UNREACHABLE_CODE = YES;
				CLANG_WARN__DUPLICATE_METHOD_MATCH = YES;
				COPY_PHASE_STRIP = NO;
				DEBUG_INFORMATION_FORMAT = dwarf;
				ENABLE_STRICT_OBJC_MSGSEND = YES;
				ENABLE_TESTABILITY = YES;
				GCC_C_LANGUAGE_STANDARD = gnu11;
				GCC_DYNAMIC_NO_PIC = NO;
				GCC_NO_COMMON_BLOCKS = YES;
				GCC_OPTIMIZATION_LEVEL = 0;
				GCC_PREPROCESSOR_DEFINITIONS = (
					"DEBUG=1",
					"$(inherited)",
				);
				GCC_WARN_64_TO_32_BIT_CONVERSION = YES;
				GCC_WARN_ABOUT_RETURN_TYPE = YES_ERROR;
				GCC_WARN_UNDECLARED_SELECTOR = YES;
				GCC_WARN_UNINITIALIZED_AUTOS = YES_AGGRESSIVE;
				GCC_WARN_UNUSED_FUNCTION = YES;
				GCC_WARN_UNUSED_VARIABLE = YES;
				IPHONEOS_DEPLOYMENT_TARGET = 14.5;
				MTL_ENABLE_DEBUG_INFO = INCLUDE_SOURCE;
				MTL_FAST_MATH = YES;
				ONLY_ACTIVE_ARCH = YES;
				SDKROOT = iphoneos;
				SWIFT_ACTIVE_COMPILATION_CONDITIONS = DEBUG;
				SWIFT_OPTIMIZATION_LEVEL = "-Onone";
			};
			name = Debug;
		};
		2D34424626C1EAD6004AF4CC /* Release */ = {
			isa = XCBuildConfiguration;
			buildSettings = {
				ALWAYS_SEARCH_USER_PATHS = NO;
				CLANG_ANALYZER_NONNULL = YES;
				CLANG_ANALYZER_NUMBER_OBJECT_CONVERSION = YES_AGGRESSIVE;
				CLANG_CXX_LANGUAGE_STANDARD = "gnu++14";
				CLANG_CXX_LIBRARY = "libc++";
				CLANG_ENABLE_MODULES = YES;
				CLANG_ENABLE_OBJC_ARC = YES;
				CLANG_ENABLE_OBJC_WEAK = YES;
				CLANG_WARN_BLOCK_CAPTURE_AUTORELEASING = YES;
				CLANG_WARN_BOOL_CONVERSION = YES;
				CLANG_WARN_COMMA = YES;
				CLANG_WARN_CONSTANT_CONVERSION = YES;
				CLANG_WARN_DEPRECATED_OBJC_IMPLEMENTATIONS = YES;
				CLANG_WARN_DIRECT_OBJC_ISA_USAGE = YES_ERROR;
				CLANG_WARN_DOCUMENTATION_COMMENTS = YES;
				CLANG_WARN_EMPTY_BODY = YES;
				CLANG_WARN_ENUM_CONVERSION = YES;
				CLANG_WARN_INFINITE_RECURSION = YES;
				CLANG_WARN_INT_CONVERSION = YES;
				CLANG_WARN_NON_LITERAL_NULL_CONVERSION = YES;
				CLANG_WARN_OBJC_IMPLICIT_RETAIN_SELF = YES;
				CLANG_WARN_OBJC_LITERAL_CONVERSION = YES;
				CLANG_WARN_OBJC_ROOT_CLASS = YES_ERROR;
				CLANG_WARN_QUOTED_INCLUDE_IN_FRAMEWORK_HEADER = YES;
				CLANG_WARN_RANGE_LOOP_ANALYSIS = YES;
				CLANG_WARN_STRICT_PROTOTYPES = YES;
				CLANG_WARN_SUSPICIOUS_MOVE = YES;
				CLANG_WARN_UNGUARDED_AVAILABILITY = YES_AGGRESSIVE;
				CLANG_WARN_UNREACHABLE_CODE = YES;
				CLANG_WARN__DUPLICATE_METHOD_MATCH = YES;
				COPY_PHASE_STRIP = NO;
				DEBUG_INFORMATION_FORMAT = "dwarf-with-dsym";
				ENABLE_NS_ASSERTIONS = NO;
				ENABLE_STRICT_OBJC_MSGSEND = YES;
				GCC_C_LANGUAGE_STANDARD = gnu11;
				GCC_NO_COMMON_BLOCKS = YES;
				GCC_WARN_64_TO_32_BIT_CONVERSION = YES;
				GCC_WARN_ABOUT_RETURN_TYPE = YES_ERROR;
				GCC_WARN_UNDECLARED_SELECTOR = YES;
				GCC_WARN_UNINITIALIZED_AUTOS = YES_AGGRESSIVE;
				GCC_WARN_UNUSED_FUNCTION = YES;
				GCC_WARN_UNUSED_VARIABLE = YES;
				IPHONEOS_DEPLOYMENT_TARGET = 14.5;
				MTL_ENABLE_DEBUG_INFO = NO;
				MTL_FAST_MATH = YES;
				SDKROOT = iphoneos;
				SWIFT_COMPILATION_MODE = wholemodule;
				SWIFT_OPTIMIZATION_LEVEL = "-O";
				VALIDATE_PRODUCT = YES;
			};
			name = Release;
		};
		2D34424826C1EAD6004AF4CC /* Debug */ = {
			isa = XCBuildConfiguration;
			baseConfigurationReference = 19191D04B634D773FD5DCA93 /* Pods-AgroAid.debug.xcconfig */;
			buildSettings = {
				ASSETCATALOG_COMPILER_APPICON_NAME = AppIcon;
				ASSETCATALOG_COMPILER_GLOBAL_ACCENT_COLOR_NAME = AccentColor;
				CODE_SIGN_STYLE = Automatic;
				DEVELOPMENT_TEAM = 69KP7AWB28;
				INFOPLIST_FILE = AgroAid/AppCore/SupportingFiles/Info.plist;
				LD_RUNPATH_SEARCH_PATHS = (
					"$(inherited)",
					"@executable_path/Frameworks",
				);
				PRODUCT_BUNDLE_IDENTIFIER = com.VitorSpessoto.AgroAid;
				PRODUCT_NAME = "$(TARGET_NAME)";
				SWIFT_VERSION = 5.0;
				TARGETED_DEVICE_FAMILY = "1,2";
			};
			name = Debug;
		};
		2D34424926C1EAD6004AF4CC /* Release */ = {
			isa = XCBuildConfiguration;
			baseConfigurationReference = B3E351A64CBE39679B2B8478 /* Pods-AgroAid.release.xcconfig */;
			buildSettings = {
				ASSETCATALOG_COMPILER_APPICON_NAME = AppIcon;
				ASSETCATALOG_COMPILER_GLOBAL_ACCENT_COLOR_NAME = AccentColor;
				CODE_SIGN_STYLE = Automatic;
				DEVELOPMENT_TEAM = 69KP7AWB28;
				INFOPLIST_FILE = AgroAid/AppCore/SupportingFiles/Info.plist;
				LD_RUNPATH_SEARCH_PATHS = (
					"$(inherited)",
					"@executable_path/Frameworks",
				);
				PRODUCT_BUNDLE_IDENTIFIER = com.VitorSpessoto.AgroAid;
				PRODUCT_NAME = "$(TARGET_NAME)";
				SWIFT_VERSION = 5.0;
				TARGETED_DEVICE_FAMILY = "1,2";
			};
			name = Release;
		};
/* End XCBuildConfiguration section */

/* Begin XCConfigurationList section */
		2D34422E26C1EAD4004AF4CC /* Build configuration list for PBXProject "AgroAid" */ = {
			isa = XCConfigurationList;
			buildConfigurations = (
				2D34424526C1EAD6004AF4CC /* Debug */,
				2D34424626C1EAD6004AF4CC /* Release */,
			);
			defaultConfigurationIsVisible = 0;
			defaultConfigurationName = Release;
		};
		2D34424726C1EAD6004AF4CC /* Build configuration list for PBXNativeTarget "AgroAid" */ = {
			isa = XCConfigurationList;
			buildConfigurations = (
				2D34424826C1EAD6004AF4CC /* Debug */,
				2D34424926C1EAD6004AF4CC /* Release */,
			);
			defaultConfigurationIsVisible = 0;
			defaultConfigurationName = Release;
		};
/* End XCConfigurationList section */

/* Begin XCRemoteSwiftPackageReference section */
		2D967ACD26F3B57900DABF64 /* XCRemoteSwiftPackageReference "IQKeyboardManager" */ = {
			isa = XCRemoteSwiftPackageReference;
			repositoryURL = "https://github.com/hackiftekhar/IQKeyboardManager";
			requirement = {
				kind = upToNextMajorVersion;
				minimumVersion = 6.5.6;
			};
		};
/* End XCRemoteSwiftPackageReference section */

/* Begin XCSwiftPackageProductDependency section */
		2D967ACE26F3B57900DABF64 /* IQKeyboardManagerSwift */ = {
			isa = XCSwiftPackageProductDependency;
			package = 2D967ACD26F3B57900DABF64 /* XCRemoteSwiftPackageReference "IQKeyboardManager" */;
			productName = IQKeyboardManagerSwift;
		};
/* End XCSwiftPackageProductDependency section */
	};
	rootObject = 2D34422B26C1EAD4004AF4CC /* Project object */;
}
